Microsoft Visual Studio Solution File, Format Version 12.00
# Visual Studio Version 17
VisualStudioVersion = 17.5.2.0
MinimumVisualStudioVersion = 10.0.40219.1
Project("{FAE04EC0-301F-11D3-BF4B-00C04F79EFBC}") = "PaymentManager", "PaymentManager.csproj", "{7A26E5CE-3BFC-EBB9-6B19-A9CB6B6FD7DC}"
EndProject
Global
	GlobalSection(SolutionConfigurationPlatforms) = preSolution
		Debug|Any CPU = Debug|Any CPU
		Release|Any CPU = Release|Any CPU
	EndGlobalSection
	GlobalSection(ProjectConfigurationPlatforms) = postSolution
		{7A26E5CE-3BFC-EBB9-6B19-A9CB6B6FD7DC}.Debug|Any CPU.ActiveCfg = Debug|Any CPU
		{7A26E5CE-3BFC-EBB9-6B19-A9CB6B6FD7DC}.Debug|Any CPU.Build.0 = Debug|Any CPU
		{7A26E5CE-3BFC-EBB9-6B19-A9CB6B6FD7DC}.Release|Any CPU.ActiveCfg = Release|Any CPU
		{7A26E5CE-3BFC-EBB9-6B19-A9CB6B6FD7DC}.Release|Any CPU.Build.0 = Release|Any CPU
	EndGlobalSection
	GlobalSection(SolutionProperties) = preSolution
		HideSolutionNode = FALSE
	EndGlobalSection
	GlobalSection(ExtensibilityGlobals) = postSolution
		SolutionGuid = {8D39EB5B-5495-431A-9346-F3E04736F989}
	EndGlobalSection
EndGlobal
